
Microsoft Visual Studio Solution File, Format Version 12.00
# Visual Studio 15
Project("{FAE04EC0-301F-11D3-BF4B-00C04F79EFBC}") = "SmartUnitConverter", "SmartUnitConverter\SmartUnitConverter.csproj", "{2757D9AE-6294-43D5-AAEE-6C5301A8C311}"
EndProject
Global
	GlobalSection(SolutionConfigurationPlatforms) = preSolution
		Debug|Any CPU = Debug|Any CPU
		Release|Any CPU = Release|Any CPU
	EndGlobalSection
	GlobalSection(ProjectConfigurationPlatforms) = postSolution
		{2757D9AE-6294-43D5-AAEE-6C5301A8C311}.Debug|Any CPU.ActiveCfg = Debug|Any CPU
		{2757D9AE-6294-43D5-AAEE-6C5301A8C311}.Debug|Any CPU.Build.0 = Debug|Any CPU
		{2757D9AE-6294-43D5-AAEE-6C5301A8C311}.Release|Any CPU.ActiveCfg = Release|Any CPU
		{2757D9AE-6294-43D5-AAEE-6C5301A8C311}.Release|Any CPU.Build.0 = Release|Any CPU
	EndGlobalSection
EndGlobal
